
Microsoft Visual Studio Solution File, Format Version 12.00
# Visual Studio Version 17
VisualStudioVersion = 17.6.33815.320
MinimumVisualStudioVersion = 10.0.40219.1
Project("{9A19103F-16F7-4668-BE54-9A1E7A4F7556}") = "report-core", "report-core\report-core.csproj", "{684A3286-D740-479E-B217-3AA1AB6396CC}"
EndProject
Project("{9A19103F-16F7-4668-BE54-9A1E7A4F7556}") = "report-persistance", "report-persistance\report-persistance.csproj", "{F5CE25D0-2589-417F-9A2B-5D6B0F21E153}"
EndProject
Project("{9A19103F-16F7-4668-BE54-9A1E7A4F7556}") = "report-web", "report-web\report-web.csproj", "{49A76E34-9278-4C8A-B0B2-B404DD81E571}"
EndProject
Global
	GlobalSection(SolutionConfigurationPlatforms) = preSolution
		Debug|Any CPU = Debug|Any CPU
		Release|Any CPU = Release|Any CPU
	EndGlobalSection
	GlobalSection(ProjectConfigurationPlatforms) = postSolution
		{684A3286-D740-479E-B217-3AA1AB6396CC}.Debug|Any CPU.ActiveCfg = Debug|Any CPU
		{684A3286-D740-479E-B217-3AA1AB6396CC}.Debug|Any CPU.Build.0 = Debug|Any CPU
		{684A3286-D740-479E-B217-3AA1AB6396CC}.Release|Any CPU.ActiveCfg = Release|Any CPU
		{684A3286-D740-479E-B217-3AA1AB6396CC}.Release|Any CPU.Build.0 = Release|Any CPU
		{F5CE25D0-2589-417F-9A2B-5D6B0F21E153}.Debug|Any CPU.ActiveCfg = Debug|Any CPU
		{F5CE25D0-2589-417F-9A2B-5D6B0F21E153}.Debug|Any CPU.Build.0 = Debug|Any CPU
		{F5CE25D0-2589-417F-9A2B-5D6B0F21E153}.Release|Any CPU.ActiveCfg = Release|Any CPU
		{F5CE25D0-2589-417F-9A2B-5D6B0F21E153}.Release|Any CPU.Build.0 = Release|Any CPU
		{49A76E34-9278-4C8A-B0B2-B404DD81E571}.Debug|Any CPU.ActiveCfg = Debug|Any CPU
		{49A76E34-9278-4C8A-B0B2-B404DD81E571}.Debug|Any CPU.Build.0 = Debug|Any CPU
		{49A76E34-9278-4C8A-B0B2-B404DD81E571}.Release|Any CPU.ActiveCfg = Release|Any CPU
		{49A76E34-9278-4C8A-B0B2-B404DD81E571}.Release|Any CPU.Build.0 = Release|Any CPU
	EndGlobalSection
	GlobalSection(SolutionProperties) = preSolution
		HideSolutionNode = FALSE
	EndGlobalSection
	GlobalSection(ExtensibilityGlobals) = postSolution
		SolutionGuid = {EEA70EAA-3FC3-43FF-AAA0-8D3F08F75C8E}
	EndGlobalSection
EndGlobal
